
Microsoft Visual Studio Solution File, Format Version 12.00
# Visual Studio Version 17
VisualStudioVersion = 17.11.35312.102
MinimumVisualStudioVersion = 10.0.40219.1
Project("{FAE04EC0-301F-11D3-BF4B-00C04F79EFBC}") = "KayanYazi", "KayanYazi\KayanYazi.csproj", "{E65F9D50-9245-4493-B68E-12AC67BEE287}"
EndProject
Global
	GlobalSection(SolutionConfigurationPlatforms) = preSolution
		Debug|Any CPU = Debug|Any CPU
		Release|Any CPU = Release|Any CPU
	EndGlobalSection
	GlobalSection(ProjectConfigurationPlatforms) = postSolution
		{E65F9D50-9245-4493-B68E-12AC67BEE287}.Debug|Any CPU.ActiveCfg = Debug|Any CPU
		{E65F9D50-9245-4493-B68E-12AC67BEE287}.Debug|Any CPU.Build.0 = Debug|Any CPU
		{E65F9D50-9245-4493-B68E-12AC67BEE287}.Release|Any CPU.ActiveCfg = Release|Any CPU
		{E65F9D50-9245-4493-B68E-12AC67BEE287}.Release|Any CPU.Build.0 = Release|Any CPU
	EndGlobalSection
	GlobalSection(SolutionProperties) = preSolution
		HideSolutionNode = FALSE
	EndGlobalSection
	GlobalSection(ExtensibilityGlobals) = postSolution
		SolutionGuid = {7C20DE49-DD2B-4EB8-A251-3972FBCD69C3}
	EndGlobalSection
EndGlobal
